
Microsoft Visual Studio Solution File, Format Version 12.00
# Visual Studio Express 2013 for Web
VisualStudioVersion = 12.0.21005.1
MinimumVisualStudioVersion = 10.0.40219.1
Project("{FAE04EC0-301F-11D3-BF4B-00C04F79EFBC}") = "CV.WebApplication", "CV.WebApplication\CV.WebApplication.csproj", "{4E539C7C-06C3-4B91-B536-874B01A54A86}"
EndProject
Project("{FAE04EC0-301F-11D3-BF4B-00C04F79EFBC}") = "CV.Model", "CV.Model\CV.Model.csproj", "{F459C171-57B7-4D82-9AA2-475806A02318}"
EndProject
Project("{FAE04EC0-301F-11D3-BF4B-00C04F79EFBC}") = "CV.Diagnostics", "CV.Diagnostics\CV.Diagnostics.csproj", "{23B3D5E2-56F3-457B-87A3-FF559391ADE1}"
EndProject
Project("{FAE04EC0-301F-11D3-BF4B-00C04F79EFBC}") = "CV.DAL", "CV.DAL\CV.DAL.csproj", "{CC3EC590-7073-4F93-84C9-7857A3C94734}"
EndProject
Project("{FAE04EC0-301F-11D3-BF4B-00C04F79EFBC}") = "CV.Common", "CV.Common\CV.Common.csproj", "{45FE28C7-81C4-4B99-81E6-AB950537D94E}"
EndProject
Project("{FAE04EC0-301F-11D3-BF4B-00C04F79EFBC}") = "CV.Resources", "CV.Resources\CV.Resources.csproj", "{1F2D88B3-C051-430E-B2C8-D1824501A147}"
EndProject
Global
	GlobalSection(TeamFoundationVersionControl) = preSolution
		SccNumberOfProjects = 7
		SccEnterpriseProvider = {4CA58AB2-18FA-4F8D-95D4-32DDF27D184C}
		SccTeamFoundationServer = https://tfs.codeplex.com/tfs/tfs14
		SccLocalPath0 = .
		SccProjectUniqueName1 = CV.Diagnostics\\CV.Diagnostics.csproj
		SccProjectName1 = CV.Diagnostics
		SccLocalPath1 = CV.Diagnostics
		SccProjectUniqueName2 = CV.Model\\CV.Model.csproj
		SccProjectName2 = CV.Model
		SccLocalPath2 = CV.Model
		SccProjectUniqueName3 = CV.WebApplication\\CV.WebApplication.csproj
		SccProjectName3 = CV.WebApplication
		SccLocalPath3 = CV.WebApplication
		SccProjectUniqueName4 = CV.DAL\\CV.DAL.csproj
		SccProjectName4 = CV.DAL
		SccLocalPath4 = CV.DAL
		SccProjectUniqueName5 = CV.Common\\CV.Common.csproj
		SccProjectName5 = CV.Common
		SccLocalPath5 = CV.Common
		SccProjectUniqueName6 = CV.Resources\\CV.Resources.csproj
		SccProjectName6 = CV.Resources
		SccLocalPath6 = CV.Resources
	EndGlobalSection
	GlobalSection(SolutionConfigurationPlatforms) = preSolution
		Debug|Any CPU = Debug|Any CPU
		Release|Any CPU = Release|Any CPU
	EndGlobalSection
	GlobalSection(ProjectConfigurationPlatforms) = postSolution
		{4E539C7C-06C3-4B91-B536-874B01A54A86}.Debug|Any CPU.ActiveCfg = Debug|Any CPU
		{4E539C7C-06C3-4B91-B536-874B01A54A86}.Debug|Any CPU.Build.0 = Debug|Any CPU
		{4E539C7C-06C3-4B91-B536-874B01A54A86}.Release|Any CPU.ActiveCfg = Release|Any CPU
		{4E539C7C-06C3-4B91-B536-874B01A54A86}.Release|Any CPU.Build.0 = Release|Any CPU
		{F459C171-57B7-4D82-9AA2-475806A02318}.Debug|Any CPU.ActiveCfg = Debug|Any CPU
		{F459C171-57B7-4D82-9AA2-475806A02318}.Debug|Any CPU.Build.0 = Debug|Any CPU
		{F459C171-57B7-4D82-9AA2-475806A02318}.Release|Any CPU.ActiveCfg = Release|Any CPU
		{F459C171-57B7-4D82-9AA2-475806A02318}.Release|Any CPU.Build.0 = Release|Any CPU
		{23B3D5E2-56F3-457B-87A3-FF559391ADE1}.Debug|Any CPU.ActiveCfg = Debug|Any CPU
		{23B3D5E2-56F3-457B-87A3-FF559391ADE1}.Debug|Any CPU.Build.0 = Debug|Any CPU
		{23B3D5E2-56F3-457B-87A3-FF559391ADE1}.Release|Any CPU.ActiveCfg = Release|Any CPU
		{23B3D5E2-56F3-457B-87A3-FF559391ADE1}.Release|Any CPU.Build.0 = Release|Any CPU
		{CC3EC590-7073-4F93-84C9-7857A3C94734}.Debug|Any CPU.ActiveCfg = Debug|Any CPU
		{CC3EC590-7073-4F93-84C9-7857A3C94734}.Debug|Any CPU.Build.0 = Debug|Any CPU
		{CC3EC590-7073-4F93-84C9-7857A3C94734}.Release|Any CPU.ActiveCfg = Release|Any CPU
		{CC3EC590-7073-4F93-84C9-7857A3C94734}.Release|Any CPU.Build.0 = Release|Any CPU
		{45FE28C7-81C4-4B99-81E6-AB950537D94E}.Debug|Any CPU.ActiveCfg = Debug|Any CPU
		{45FE28C7-81C4-4B99-81E6-AB950537D94E}.Debug|Any CPU.Build.0 = Debug|Any CPU
		{45FE28C7-81C4-4B99-81E6-AB950537D94E}.Release|Any CPU.ActiveCfg = Release|Any CPU
		{45FE28C7-81C4-4B99-81E6-AB950537D94E}.Release|Any CPU.Build.0 = Release|Any CPU
		{1F2D88B3-C051-430E-B2C8-D1824501A147}.Debug|Any CPU.ActiveCfg = Debug|Any CPU
		{1F2D88B3-C051-430E-B2C8-D1824501A147}.Debug|Any CPU.Build.0 = Debug|Any CPU
		{1F2D88B3-C051-430E-B2C8-D1824501A147}.Release|Any CPU.ActiveCfg = Release|Any CPU
		{1F2D88B3-C051-430E-B2C8-D1824501A147}.Release|Any CPU.Build.0 = Release|Any CPU
	EndGlobalSection
	GlobalSection(SolutionProperties) = preSolution
		HideSolutionNode = FALSE
	EndGlobalSection
EndGlobal
