
Microsoft Visual Studio Solution File, Format Version 12.00
# Visual Studio 15
VisualStudioVersion = 15.0.27130.2010
MinimumVisualStudioVersion = 10.0.40219.1
Project("{FAE04EC0-301F-11D3-BF4B-00C04F79EFBC}") = "CV.WebApplication", "CV.WebApplication\CV.WebApplication.csproj", "{4E539C7C-06C3-4B91-B536-874B01A54A86}"
EndProject
Project("{FAE04EC0-301F-11D3-BF4B-00C04F79EFBC}") = "CV.Model", "CV.Model\CV.Model.csproj", "{F459C171-57B7-4D82-9AA2-475806A02318}"
EndProject
Project("{FAE04EC0-301F-11D3-BF4B-00C04F79EFBC}") = "CV.Diagnostics", "CV.Diagnostics\CV.Diagnostics.csproj", "{23B3D5E2-56F3-457B-87A3-FF559391ADE1}"
EndProject
Project("{FAE04EC0-301F-11D3-BF4B-00C04F79EFBC}") = "CV.DAL", "CV.DAL\CV.DAL.csproj", "{CC3EC590-7073-4F93-84C9-7857A3C94734}"
EndProject
Project("{FAE04EC0-301F-11D3-BF4B-00C04F79EFBC}") = "CV.Common", "CV.Common\CV.Common.csproj", "{45FE28C7-81C4-4B99-81E6-AB950537D94E}"
EndProject
Project("{FAE04EC0-301F-11D3-BF4B-00C04F79EFBC}") = "CV.Resources", "CV.Resources\CV.Resources.csproj", "{1F2D88B3-C051-430E-B2C8-D1824501A147}"
EndProject
Project("{2150E333-8FDC-42A3-9474-1A3956D46DE8}") = "Solution Items", "Solution Items", "{B9F36C3D-4248-4DF5-AB36-C2434A5E13BB}"
	ProjectSection(SolutionItems) = preProject
		..\README.md = ..\README.md
	EndProjectSection
EndProject
Global
	GlobalSection(SolutionConfigurationPlatforms) = preSolution
		Debug|Any CPU = Debug|Any CPU
		Release|Any CPU = Release|Any CPU
	EndGlobalSection
	GlobalSection(ProjectConfigurationPlatforms) = postSolution
		{4E539C7C-06C3-4B91-B536-874B01A54A86}.Debug|Any CPU.ActiveCfg = Debug|Any CPU
		{4E539C7C-06C3-4B91-B536-874B01A54A86}.Debug|Any CPU.Build.0 = Debug|Any CPU
		{4E539C7C-06C3-4B91-B536-874B01A54A86}.Release|Any CPU.ActiveCfg = Release|Any CPU
		{4E539C7C-06C3-4B91-B536-874B01A54A86}.Release|Any CPU.Build.0 = Release|Any CPU
		{F459C171-57B7-4D82-9AA2-475806A02318}.Debug|Any CPU.ActiveCfg = Debug|Any CPU
		{F459C171-57B7-4D82-9AA2-475806A02318}.Debug|Any CPU.Build.0 = Debug|Any CPU
		{F459C171-57B7-4D82-9AA2-475806A02318}.Release|Any CPU.ActiveCfg = Release|Any CPU
		{F459C171-57B7-4D82-9AA2-475806A02318}.Release|Any CPU.Build.0 = Release|Any CPU
		{23B3D5E2-56F3-457B-87A3-FF559391ADE1}.Debug|Any CPU.ActiveCfg = Debug|Any CPU
		{23B3D5E2-56F3-457B-87A3-FF559391ADE1}.Debug|Any CPU.Build.0 = Debug|Any CPU
		{23B3D5E2-56F3-457B-87A3-FF559391ADE1}.Release|Any CPU.ActiveCfg = Release|Any CPU
		{23B3D5E2-56F3-457B-87A3-FF559391ADE1}.Release|Any CPU.Build.0 = Release|Any CPU
		{CC3EC590-7073-4F93-84C9-7857A3C94734}.Debug|Any CPU.ActiveCfg = Debug|Any CPU
		{CC3EC590-7073-4F93-84C9-7857A3C94734}.Debug|Any CPU.Build.0 = Debug|Any CPU
		{CC3EC590-7073-4F93-84C9-7857A3C94734}.Release|Any CPU.ActiveCfg = Release|Any CPU
		{CC3EC590-7073-4F93-84C9-7857A3C94734}.Release|Any CPU.Build.0 = Release|Any CPU
		{45FE28C7-81C4-4B99-81E6-AB950537D94E}.Debug|Any CPU.ActiveCfg = Debug|Any CPU
		{45FE28C7-81C4-4B99-81E6-AB950537D94E}.Debug|Any CPU.Build.0 = Debug|Any CPU
		{45FE28C7-81C4-4B99-81E6-AB950537D94E}.Release|Any CPU.ActiveCfg = Release|Any CPU
		{45FE28C7-81C4-4B99-81E6-AB950537D94E}.Release|Any CPU.Build.0 = Release|Any CPU
		{1F2D88B3-C051-430E-B2C8-D1824501A147}.Debug|Any CPU.ActiveCfg = Debug|Any CPU
		{1F2D88B3-C051-430E-B2C8-D1824501A147}.Debug|Any CPU.Build.0 = Debug|Any CPU
		{1F2D88B3-C051-430E-B2C8-D1824501A147}.Release|Any CPU.ActiveCfg = Release|Any CPU
		{1F2D88B3-C051-430E-B2C8-D1824501A147}.Release|Any CPU.Build.0 = Release|Any CPU
	EndGlobalSection
	GlobalSection(SolutionProperties) = preSolution
		HideSolutionNode = FALSE
	EndGlobalSection
	GlobalSection(ExtensibilityGlobals) = postSolution
		SolutionGuid = {3260E147-B2F4-4466-853E-5979A70FE524}
	EndGlobalSection
EndGlobal
